
Microsoft Visual Studio Solution File, Format Version 12.00
# Visual Studio Version 16
VisualStudioVersion = 16.0.30406.217
MinimumVisualStudioVersion = 10.0.40219.1
Project("{FAE04EC0-301F-11D3-BF4B-00C04F79EFBC}") = "AreaDeunCirculo", "AreaDeunCirculo\AreaDeunCirculo.csproj", "{C9CA6C3D-3261-480E-858B-C864E82D5F84}"
EndProject
Global
	GlobalSection(SolutionConfigurationPlatforms) = preSolution
		Debug|Any CPU = Debug|Any CPU
		Release|Any CPU = Release|Any CPU
	EndGlobalSection
	GlobalSection(ProjectConfigurationPlatforms) = postSolution
		{C9CA6C3D-3261-480E-858B-C864E82D5F84}.Debug|Any CPU.ActiveCfg = Debug|Any CPU
		{C9CA6C3D-3261-480E-858B-C864E82D5F84}.Debug|Any CPU.Build.0 = Debug|Any CPU
		{C9CA6C3D-3261-480E-858B-C864E82D5F84}.Release|Any CPU.ActiveCfg = Release|Any CPU
		{C9CA6C3D-3261-480E-858B-C864E82D5F84}.Release|Any CPU.Build.0 = Release|Any CPU
	EndGlobalSection
	GlobalSection(SolutionProperties) = preSolution
		HideSolutionNode = FALSE
	EndGlobalSection
	GlobalSection(ExtensibilityGlobals) = postSolution
		SolutionGuid = {B2C1A8F6-7D45-4AE1-A286-E42C2FB00993}
	EndGlobalSection
EndGlobal
